// !$*UTF8*$!
{
	archiveVersion = 1;
	classes = {
	};
	objectVersion = 50;
	objects = {

/* Begin PBXBuildFile section */
		250FC9A925065C080061C675 /* AppDelegate.swift in Sources */ = {isa = PBXBuildFile; fileRef = 250FC9A825065C080061C675 /* AppDelegate.swift */; };
		250FC9AB25065C080061C675 /* SceneDelegate.swift in Sources */ = {isa = PBXBuildFile; fileRef = 250FC9AA25065C080061C675 /* SceneDelegate.swift */; };
		250FC9AD25065C080061C675 /* ContentView.swift in Sources */ = {isa = PBXBuildFile; fileRef = 250FC9AC25065C080061C675 /* ContentView.swift */; };
		250FC9AF25065C0C0061C675 /* Assets.xcassets in Resources */ = {isa = PBXBuildFile; fileRef = 250FC9AE25065C0C0061C675 /* Assets.xcassets */; };
		250FC9B225065C0C0061C675 /* Preview Assets.xcassets in Resources */ = {isa = PBXBuildFile; fileRef = 250FC9B125065C0C0061C675 /* Preview Assets.xcassets */; };
		250FC9B525065C0C0061C675 /* LaunchScreen.storyboard in Resources */ = {isa = PBXBuildFile; fileRef = 250FC9B325065C0C0061C675 /* LaunchScreen.storyboard */; };
		250FC9C025065C0D0061C675 /* LocalFileManagerTests.swift in Sources */ = {isa = PBXBuildFile; fileRef = 250FC9BF25065C0D0061C675 /* LocalFileManagerTests.swift */; };
		250FC9CB25065C0D0061C675 /* LocalFileManagerUITests.swift in Sources */ = {isa = PBXBuildFile; fileRef = 250FC9CA25065C0D0061C675 /* LocalFileManagerUITests.swift */; };
		250FC9D925065E070061C675 /* LocalFileManager.swift in Sources */ = {isa = PBXBuildFile; fileRef = 250FC9D825065E060061C675 /* LocalFileManager.swift */; };
		250FC9DB250660B10061C675 /* pizzaDummy.json in Resources */ = {isa = PBXBuildFile; fileRef = 250FC9DA250660B10061C675 /* pizzaDummy.json */; };
		250FC9DC250660B10061C675 /* pizzaDummy.json in Resources */ = {isa = PBXBuildFile; fileRef = 250FC9DA250660B10061C675 /* pizzaDummy.json */; };
		250FC9DE250660D40061C675 /* Result.swift in Sources */ = {isa = PBXBuildFile; fileRef = 250FC9DD250660D40061C675 /* Result.swift */; };
		250FC9DF250660D40061C675 /* Result.swift in Sources */ = {isa = PBXBuildFile; fileRef = 250FC9DD250660D40061C675 /* Result.swift */; };
		250FC9E125066AB80061C675 /* RecipeInfo.swift in Sources */ = {isa = PBXBuildFile; fileRef = 250FC9E025066AB80061C675 /* RecipeInfo.swift */; };
		250FC9E225066AB80061C675 /* RecipeInfo.swift in Sources */ = {isa = PBXBuildFile; fileRef = 250FC9E025066AB80061C675 /* RecipeInfo.swift */; };
/* End PBXBuildFile section */

/* Begin PBXContainerItemProxy section */
		250FC9BC25065C0D0061C675 /* PBXContainerItemProxy */ = {
			isa = PBXContainerItemProxy;
			containerPortal = 250FC99D25065C080061C675 /* Project object */;
			proxyType = 1;
			remoteGlobalIDString = 250FC9A425065C080061C675;
			remoteInfo = LocalFileManager;
		};
		250FC9C725065C0D0061C675 /* PBXContainerItemProxy */ = {
			isa = PBXContainerItemProxy;
			containerPortal = 250FC99D25065C080061C675 /* Project object */;
			proxyType = 1;
			remoteGlobalIDString = 250FC9A425065C080061C675;
			remoteInfo = LocalFileManager;
		};
/* End PBXContainerItemProxy section */

/* Begin PBXFileReference section */
		250FC9A525065C080061C675 /* LocalFileManager.app */ = {isa = PBXFileReference; explicitFileType = wrapper.application; includeInIndex = 0; path = LocalFileManager.app; sourceTree = BUILT_PRODUCTS_DIR; };
		250FC9A825065C080061C675 /* AppDelegate.swift */ = {isa = PBXFileReference; lastKnownFileType = sourcecode.swift; path = AppDelegate.swift; sourceTree = "<group>"; };
		250FC9AA25065C080061C675 /* SceneDelegate.swift */ = {isa = PBXFileReference; lastKnownFileType = sourcecode.swift; path = SceneDelegate.swift; sourceTree = "<group>"; };
		250FC9AC25065C080061C675 /* ContentView.swift */ = {isa = PBXFileReference; lastKnownFileType = sourcecode.swift; path = ContentView.swift; sourceTree = "<group>"; };
		250FC9AE25065C0C0061C675 /* Assets.xcassets */ = {isa = PBXFileReference; lastKnownFileType = folder.assetcatalog; path = Assets.xcassets; sourceTree = "<group>"; };
		250FC9B125065C0C0061C675 /* Preview Assets.xcassets */ = {isa = PBXFileReference; lastKnownFileType = folder.assetcatalog; path = "Preview Assets.xcassets"; sourceTree = "<group>"; };
		250FC9B425065C0C0061C675 /* Base */ = {isa = PBXFileReference; lastKnownFileType = file.storyboard; name = Base; path = Base.lproj/LaunchScreen.storyboard; sourceTree = "<group>"; };
		250FC9B625065C0C0061C675 /* Info.plist */ = {isa = PBXFileReference; lastKnownFileType = text.plist.xml; path = Info.plist; sourceTree = "<group>"; };
		250FC9BB25065C0D0061C675 /* LocalFileManagerTests.xctest */ = {isa = PBXFileReference; explicitFileType = wrapper.cfbundle; includeInIndex = 0; path = LocalFileManagerTests.xctest; sourceTree = BUILT_PRODUCTS_DIR; };
		250FC9BF25065C0D0061C675 /* LocalFileManagerTests.swift */ = {isa = PBXFileReference; lastKnownFileType = sourcecode.swift; path = LocalFileManagerTests.swift; sourceTree = "<group>"; };
		250FC9C125065C0D0061C675 /* Info.plist */ = {isa = PBXFileReference; lastKnownFileType = text.plist.xml; path = Info.plist; sourceTree = "<group>"; };
		250FC9C625065C0D0061C675 /* LocalFileManagerUITests.xctest */ = {isa = PBXFileReference; explicitFileType = wrapper.cfbundle; includeInIndex = 0; path = LocalFileManagerUITests.xctest; sourceTree = BUILT_PRODUCTS_DIR; };
		250FC9CA25065C0D0061C675 /* LocalFileManagerUITests.swift */ = {isa = PBXFileReference; lastKnownFileType = sourcecode.swift; path = LocalFileManagerUITests.swift; sourceTree = "<group>"; };
		250FC9CC25065C0D0061C675 /* Info.plist */ = {isa = PBXFileReference; lastKnownFileType = text.plist.xml; path = Info.plist; sourceTree = "<group>"; };
		250FC9D825065E060061C675 /* LocalFileManager.swift */ = {isa = PBXFileReference; lastKnownFileType = sourcecode.swift; path = LocalFileManager.swift; sourceTree = "<group>"; };
		250FC9DA250660B10061C675 /* pizzaDummy.json */ = {isa = PBXFileReference; fileEncoding = 4; lastKnownFileType = text.json; path = pizzaDummy.json; sourceTree = "<group>"; };
		250FC9DD250660D40061C675 /* Result.swift */ = {isa = PBXFileReference; lastKnownFileType = sourcecode.swift; path = Result.swift; sourceTree = "<group>"; };
		250FC9E025066AB80061C675 /* RecipeInfo.swift */ = {isa = PBXFileReference; lastKnownFileType = sourcecode.swift; path = RecipeInfo.swift; sourceTree = "<group>"; };
/* End PBXFileReference section */

/* Begin PBXFrameworksBuildPhase section */
		250FC9A225065C080061C675 /* Frameworks */ = {
			isa = PBXFrameworksBuildPhase;
			buildActionMask = 2147483647;
			files = (
			);
			runOnlyForDeploymentPostprocessing = 0;
		};
		250FC9B825065C0D0061C675 /* Frameworks */ = {
			isa = PBXFrameworksBuildPhase;
			buildActionMask = 2147483647;
			files = (
			);
			runOnlyForDeploymentPostprocessing = 0;
		};
		250FC9C325065C0D0061C675 /* Frameworks */ = {
			isa = PBXFrameworksBuildPhase;
			buildActionMask = 2147483647;
			files = (
			);
			runOnlyForDeploymentPostprocessing = 0;
		};
/* End PBXFrameworksBuildPhase section */

/* Begin PBXGroup section */
		250FC99C25065C080061C675 = {
			isa = PBXGroup;
			children = (
				250FC9A725065C080061C675 /* LocalFileManager */,
				250FC9BE25065C0D0061C675 /* LocalFileManagerTests */,
				250FC9C925065C0D0061C675 /* LocalFileManagerUITests */,
				250FC9A625065C080061C675 /* Products */,
			);
			sourceTree = "<group>";
		};
		250FC9A625065C080061C675 /* Products */ = {
			isa = PBXGroup;
			children = (
				250FC9A525065C080061C675 /* LocalFileManager.app */,
				250FC9BB25065C0D0061C675 /* LocalFileManagerTests.xctest */,
				250FC9C625065C0D0061C675 /* LocalFileManagerUITests.xctest */,
			);
			name = Products;
			sourceTree = "<group>";
		};
		250FC9A725065C080061C675 /* LocalFileManager */ = {
			isa = PBXGroup;
			children = (
				250FC9A825065C080061C675 /* AppDelegate.swift */,
				250FC9AA25065C080061C675 /* SceneDelegate.swift */,
				250FC9AC25065C080061C675 /* ContentView.swift */,
				250FC9D825065E060061C675 /* LocalFileManager.swift */,
				250FC9E025066AB80061C675 /* RecipeInfo.swift */,
				250FC9DD250660D40061C675 /* Result.swift */,
				250FC9DA250660B10061C675 /* pizzaDummy.json */,
				250FC9AE25065C0C0061C675 /* Assets.xcassets */,
				250FC9B325065C0C0061C675 /* LaunchScreen.storyboard */,
				250FC9B625065C0C0061C675 /* Info.plist */,
				250FC9B025065C0C0061C675 /* Preview Content */,
			);
			path = LocalFileManager;
			sourceTree = "<group>";
		};
		250FC9B025065C0C0061C675 /* Preview Content */ = {
			isa = PBXGroup;
			children = (
				250FC9B125065C0C0061C675 /* Preview Assets.xcassets */,
			);
			path = "Preview Content";
			sourceTree = "<group>";
		};
		250FC9BE25065C0D0061C675 /* LocalFileManagerTests */ = {
			isa = PBXGroup;
			children = (
				250FC9BF25065C0D0061C675 /* LocalFileManagerTests.swift */,
				250FC9C125065C0D0061C675 /* Info.plist */,
			);
			path = LocalFileManagerTests;
			sourceTree = "<group>";
		};
		250FC9C925065C0D0061C675 /* LocalFileManagerUITests */ = {
			isa = PBXGroup;
			children = (
				250FC9CA25065C0D0061C675 /* LocalFileManagerUITests.swift */,
				250FC9CC25065C0D0061C675 /* Info.plist */,
			);
			path = LocalFileManagerUITests;
			sourceTree = "<group>";
		};
/* End PBXGroup section */

/* Begin PBXNativeTarget section */
		250FC9A425065C080061C675 /* LocalFileManager */ = {
			isa = PBXNativeTarget;
			buildConfigurationList = 250FC9CF25065C0D0061C675 /* Build configuration list for PBXNativeTarget "LocalFileManager" */;
			buildPhases = (
				250FC9A125065C080061C675 /* Sources */,
				250FC9A225065C080061C675 /* Frameworks */,
				250FC9A325065C080061C675 /* Resources */,
			);
			buildRules = (
			);
			dependencies = (
			);
			name = LocalFileManager;
			productName = LocalFileManager;
			productReference = 250FC9A525065C080061C675 /* LocalFileManager.app */;
			productType = "com.apple.product-type.application";
		};
		250FC9BA25065C0D0061C675 /* LocalFileManagerTests */ = {
			isa = PBXNativeTarget;
			buildConfigurationList = 250FC9D225065C0D0061C675 /* Build configuration list for PBXNativeTarget "LocalFileManagerTests" */;
			buildPhases = (
				250FC9B725065C0D0061C675 /* Sources */,
				250FC9B825065C0D0061C675 /* Frameworks */,
				250FC9B925065C0D0061C675 /* Resources */,
			);
			buildRules = (
			);
			dependencies = (
				250FC9BD25065C0D0061C675 /* PBXTargetDependency */,
			);
			name = LocalFileManagerTests;
			productName = LocalFileManagerTests;
			productReference = 250FC9BB25065C0D0061C675 /* LocalFileManagerTests.xctest */;
			productType = "com.apple.product-type.bundle.unit-test";
		};
		250FC9C525065C0D0061C675 /* LocalFileManagerUITests */ = {
			isa = PBXNativeTarget;
			buildConfigurationList = 250FC9D525065C0D0061C675 /* Build configuration list for PBXNativeTarget "LocalFileManagerUITests" */;
			buildPhases = (
				250FC9C225065C0D0061C675 /* Sources */,
				250FC9C325065C0D0061C675 /* Frameworks */,
				250FC9C425065C0D0061C675 /* Resources */,
			);
			buildRules = (
			);
			dependencies = (
				250FC9C825065C0D0061C675 /* PBXTargetDependency */,
			);
			name = LocalFileManagerUITests;
			productName = LocalFileManagerUITests;
			productReference = 250FC9C625065C0D0061C675 /* LocalFileManagerUITests.xctest */;
			productType = "com.apple.product-type.bundle.ui-testing";
		};
/* End PBXNativeTarget section */

/* Begin PBXProject section */
		250FC99D25065C080061C675 /* Project object */ = {
			isa = PBXProject;
			attributes = {
				LastSwiftUpdateCheck = 1140;
				LastUpgradeCheck = 1140;
				ORGANIZATIONNAME = "Play4Act Studio";
				TargetAttributes = {
					250FC9A425065C080061C675 = {
						CreatedOnToolsVersion = 11.4.1;
					};
					250FC9BA25065C0D0061C675 = {
						CreatedOnToolsVersion = 11.4.1;
						TestTargetID = 250FC9A425065C080061C675;
					};
					250FC9C525065C0D0061C675 = {
						CreatedOnToolsVersion = 11.4.1;
						TestTargetID = 250FC9A425065C080061C675;
					};
				};
			};
			buildConfigurationList = 250FC9A025065C080061C675 /* Build configuration list for PBXProject "LocalFileManager" */;
			compatibilityVersion = "Xcode 9.3";
			developmentRegion = en;
			hasScannedForEncodings = 0;
			knownRegions = (
				en,
				Base,
			);
			mainGroup = 250FC99C25065C080061C675;
			productRefGroup = 250FC9A625065C080061C675 /* Products */;
			projectDirPath = "";
			projectRoot = "";
			targets = (
				250FC9A425065C080061C675 /* LocalFileManager */,
				250FC9BA25065C0D0061C675 /* LocalFileManagerTests */,
				250FC9C525065C0D0061C675 /* LocalFileManagerUITests */,
			);
		};
/* End PBXProject section */

/* Begin PBXResourcesBuildPhase section */
		250FC9A325065C080061C675 /* Resources */ = {
			isa = PBXResourcesBuildPhase;
			buildActionMask = 2147483647;
			files = (
				250FC9B525065C0C0061C675 /* LaunchScreen.storyboard in Resources */,
				250FC9DB250660B10061C675 /* pizzaDummy.json in Resources */,
				250FC9B225065C0C0061C675 /* Preview Assets.xcassets in Resources */,
				250FC9AF25065C0C0061C675 /* Assets.xcassets in Resources */,
			);
			runOnlyForDeploymentPostprocessing = 0;
		};
		250FC9B925065C0D0061C675 /* Resources */ = {
			isa = PBXResourcesBuildPhase;
			buildActionMask = 2147483647;
			files = (
				250FC9DC250660B10061C675 /* pizzaDummy.json in Resources */,
			);
			runOnlyForDeploymentPostprocessing = 0;
		};
		250FC9C425065C0D0061C675 /* Resources */ = {
			isa = PBXResourcesBuildPhase;
			buildActionMask = 2147483647;
			files = (
			);
			runOnlyForDeploymentPostprocessing = 0;
		};
/* End PBXResourcesBuildPhase section */

/* Begin PBXSourcesBuildPhase section */
		250FC9A125065C080061C675 /* Sources */ = {
			isa = PBXSourcesBuildPhase;
			buildActionMask = 2147483647;
			files = (
				250FC9A925065C080061C675 /* AppDelegate.swift in Sources */,
				250FC9DE250660D40061C675 /* Result.swift in Sources */,
				250FC9AB25065C080061C675 /* SceneDelegate.swift in Sources */,
				250FC9AD25065C080061C675 /* ContentView.swift in Sources */,
				250FC9D925065E070061C675 /* LocalFileManager.swift in Sources */,
				250FC9E125066AB80061C675 /* RecipeInfo.swift in Sources */,
			);
			runOnlyForDeploymentPostprocessing = 0;
		};
		250FC9B725065C0D0061C675 /* Sources */ = {
			isa = PBXSourcesBuildPhase;
			buildActionMask = 2147483647;
			files = (
				250FC9DF250660D40061C675 /* Result.swift in Sources */,
				250FC9C025065C0D0061C675 /* LocalFileManagerTests.swift in Sources */,
				250FC9E225066AB80061C675 /* RecipeInfo.swift in Sources */,
			);
			runOnlyForDeploymentPostprocessing = 0;
		};
		250FC9C225065C0D0061C675 /* Sources */ = {
			isa = PBXSourcesBuildPhase;
			buildActionMask = 2147483647;
			files = (
				250FC9CB25065C0D0061C675 /* LocalFileManagerUITests.swift in Sources */,
			);
			runOnlyForDeploymentPostprocessing = 0;
		};
/* End PBXSourcesBuildPhase section */

/* Begin PBXTargetDependency section */
		250FC9BD25065C0D0061C675 /* PBXTargetDependency */ = {
			isa = PBXTargetDependency;
			target = 250FC9A425065C080061C675 /* LocalFileManager */;
			targetProxy = 250FC9BC25065C0D0061C675 /* PBXContainerItemProxy */;
		};
		250FC9C825065C0D0061C675 /* PBXTargetDependency */ = {
			isa = PBXTargetDependency;
			target = 250FC9A425065C080061C675 /* LocalFileManager */;
			targetProxy = 250FC9C725065C0D0061C675 /* PBXContainerItemProxy */;
		};
/* End PBXTargetDependency section */

/* Begin PBXVariantGroup section */
		250FC9B325065C0C0061C675 /* LaunchScreen.storyboard */ = {
			isa = PBXVariantGroup;
			children = (
				250FC9B425065C0C0061C675 /* Base */,
			);
			name = LaunchScreen.storyboard;
			sourceTree = "<group>";
		};
/* End PBXVariantGroup section */

/* Begin XCBuildConfiguration section */
		250FC9CD25065C0D0061C675 /* Debug */ = {
			isa = XCBuildConfiguration;
			buildSettings = {
				ALWAYS_SEARCH_USER_PATHS = NO;
				CLANG_ANALYZER_NONNULL = YES;
				CLANG_ANALYZER_NUMBER_OBJECT_CONVERSION = YES_AGGRESSIVE;
				CLANG_CXX_LANGUAGE_STANDARD = "gnu++14";
				CLANG_CXX_LIBRARY = "libc++";
				CLANG_ENABLE_MODULES = YES;
				CLANG_ENABLE_OBJC_ARC = YES;
				CLANG_ENABLE_OBJC_WEAK = YES;
				CLANG_WARN_BLOCK_CAPTURE_AUTORELEASING = YES;
				CLANG_WARN_BOOL_CONVERSION = YES;
				CLANG_WARN_COMMA = YES;
				CLANG_WARN_CONSTANT_CONVERSION = YES;
				CLANG_WARN_DEPRECATED_OBJC_IMPLEMENTATIONS = YES;
				CLANG_WARN_DIRECT_OBJC_ISA_USAGE = YES_ERROR;
				CLANG_WARN_DOCUMENTATION_COMMENTS = YES;
				CLANG_WARN_EMPTY_BODY = YES;
				CLANG_WARN_ENUM_CONVERSION = YES;
				CLANG_WARN_INFINITE_RECURSION = YES;
				CLANG_WARN_INT_CONVERSION = YES;
				CLANG_WARN_NON_LITERAL_NULL_CONVERSION = YES;
				CLANG_WARN_OBJC_IMPLICIT_RETAIN_SELF = YES;
				CLANG_WARN_OBJC_LITERAL_CONVERSION = YES;
				CLANG_WARN_OBJC_ROOT_CLASS = YES_ERROR;
				CLANG_WARN_RANGE_LOOP_ANALYSIS = YES;
				CLANG_WARN_STRICT_PROTOTYPES = YES;
				CLANG_WARN_SUSPICIOUS_MOVE = YES;
				CLANG_WARN_UNGUARDED_AVAILABILITY = YES_AGGRESSIVE;
				CLANG_WARN_UNREACHABLE_CODE = YES;
				CLANG_WARN__DUPLICATE_METHOD_MATCH = YES;
				COPY_PHASE_STRIP = NO;
				DEBUG_INFORMATION_FORMAT = dwarf;
				ENABLE_STRICT_OBJC_MSGSEND = YES;
				ENABLE_TESTABILITY = YES;
				GCC_C_LANGUAGE_STANDARD = gnu11;
				GCC_DYNAMIC_NO_PIC = NO;
				GCC_NO_COMMON_BLOCKS = YES;
				GCC_OPTIMIZATION_LEVEL = 0;
				GCC_PREPROCESSOR_DEFINITIONS = (
					"DEBUG=1",
					"$(inherited)",
				);
				GCC_WARN_64_TO_32_BIT_CONVERSION = YES;
				GCC_WARN_ABOUT_RETURN_TYPE = YES_ERROR;
				GCC_WARN_UNDECLARED_SELECTOR = YES;
				GCC_WARN_UNINITIALIZED_AUTOS = YES_AGGRESSIVE;
				GCC_WARN_UNUSED_FUNCTION = YES;
				GCC_WARN_UNUSED_VARIABLE = YES;
				IPHONEOS_DEPLOYMENT_TARGET = 13.4;
				MTL_ENABLE_DEBUG_INFO = INCLUDE_SOURCE;
				MTL_FAST_MATH = YES;
				ONLY_ACTIVE_ARCH = YES;
				SDKROOT = iphoneos;
				SWIFT_ACTIVE_COMPILATION_CONDITIONS = DEBUG;
				SWIFT_OPTIMIZATION_LEVEL = "-Onone";
			};
			name = Debug;
		};
		250FC9CE25065C0D0061C675 /* Release */ = {
			isa = XCBuildConfiguration;
			buildSettings = {
				ALWAYS_SEARCH_USER_PATHS = NO;
				CLANG_ANALYZER_NONNULL = YES;
				CLANG_ANALYZER_NUMBER_OBJECT_CONVERSION = YES_AGGRESSIVE;
				CLANG_CXX_LANGUAGE_STANDARD = "gnu++14";
				CLANG_CXX_LIBRARY = "libc++";
				CLANG_ENABLE_MODULES = YES;
				CLANG_ENABLE_OBJC_ARC = YES;
				CLANG_ENABLE_OBJC_WEAK = YES;
				CLANG_WARN_BLOCK_CAPTURE_AUTORELEASING = YES;
				CLANG_WARN_BOOL_CONVERSION = YES;
				CLANG_WARN_COMMA = YES;
				CLANG_WARN_CONSTANT_CONVERSION = YES;
				CLANG_WARN_DEPRECATED_OBJC_IMPLEMENTATIONS = YES;
				CLANG_WARN_DIRECT_OBJC_ISA_USAGE = YES_ERROR;
				CLANG_WARN_DOCUMENTATION_COMMENTS = YES;
				CLANG_WARN_EMPTY_BODY = YES;
				CLANG_WARN_ENUM_CONVERSION = YES;
				CLANG_WARN_INFINITE_RECURSION = YES;
				CLANG_WARN_INT_CONVERSION = YES;
				CLANG_WARN_NON_LITERAL_NULL_CONVERSION = YES;
				CLANG_WARN_OBJC_IMPLICIT_RETAIN_SELF = YES;
				CLANG_WARN_OBJC_LITERAL_CONVERSION = YES;
				CLANG_WARN_OBJC_ROOT_CLASS = YES_ERROR;
				CLANG_WARN_RANGE_LOOP_ANALYSIS = YES;
				CLANG_WARN_STRICT_PROTOTYPES = YES;
				CLANG_WARN_SUSPICIOUS_MOVE = YES;
				CLANG_WARN_UNGUARDED_AVAILABILITY = YES_AGGRESSIVE;
				CLANG_WARN_UNREACHABLE_CODE = YES;
				CLANG_WARN__DUPLICATE_METHOD_MATCH = YES;
				COPY_PHASE_STRIP = NO;
				DEBUG_INFORMATION_FORMAT = "dwarf-with-dsym";
				ENABLE_NS_ASSERTIONS = NO;
				ENABLE_STRICT_OBJC_MSGSEND = YES;
				GCC_C_LANGUAGE_STANDARD = gnu11;
				GCC_NO_COMMON_BLOCKS = YES;
				GCC_WARN_64_TO_32_BIT_CONVERSION = YES;
				GCC_WARN_ABOUT_RETURN_TYPE = YES_ERROR;
				GCC_WARN_UNDECLARED_SELECTOR = YES;
				GCC_WARN_UNINITIALIZED_AUTOS = YES_AGGRESSIVE;
				GCC_WARN_UNUSED_FUNCTION = YES;
				GCC_WARN_UNUSED_VARIABLE = YES;
				IPHONEOS_DEPLOYMENT_TARGET = 13.4;
				MTL_ENABLE_DEBUG_INFO = NO;
				MTL_FAST_MATH = YES;
				SDKROOT = iphoneos;
				SWIFT_COMPILATION_MODE = wholemodule;
				SWIFT_OPTIMIZATION_LEVEL = "-O";
				VALIDATE_PRODUCT = YES;
			};
			name = Release;
		};
		250FC9D025065C0D0061C675 /* Debug */ = {
			isa = XCBuildConfiguration;
			buildSettings = {
				ASSETCATALOG_COMPILER_APPICON_NAME = AppIcon;
				CODE_SIGN_STYLE = Automatic;
				DEVELOPMENT_ASSET_PATHS = "\"LocalFileManager/Preview Content\"";
				DEVELOPMENT_TEAM = 87ASL7GP9K;
				ENABLE_PREVIEWS = YES;
				INFOPLIST_FILE = LocalFileManager/Info.plist;
				LD_RUNPATH_SEARCH_PATHS = (
					"$(inherited)",
					"@executable_path/Frameworks",
				);
				PRODUCT_BUNDLE_IDENTIFIER = com.kyl.LocalFileManager;
				PRODUCT_NAME = "$(TARGET_NAME)";
				SWIFT_VERSION = 5.0;
				TARGETED_DEVICE_FAMILY = "1,2";
			};
			name = Debug;
		};
		250FC9D125065C0D0061C675 /* Release */ = {
			isa = XCBuildConfiguration;
			buildSettings = {
				ASSETCATALOG_COMPILER_APPICON_NAME = AppIcon;
				CODE_SIGN_STYLE = Automatic;
				DEVELOPMENT_ASSET_PATHS = "\"LocalFileManager/Preview Content\"";
				DEVELOPMENT_TEAM = 87ASL7GP9K;
				ENABLE_PREVIEWS = YES;
				INFOPLIST_FILE = LocalFileManager/Info.plist;
				LD_RUNPATH_SEARCH_PATHS = (
					"$(inherited)",
					"@executable_path/Frameworks",
				);
				PRODUCT_BUNDLE_IDENTIFIER = com.kyl.LocalFileManager;
				PRODUCT_NAME = "$(TARGET_NAME)";
				SWIFT_VERSION = 5.0;
				TARGETED_DEVICE_FAMILY = "1,2";
			};
			name = Release;
		};
		250FC9D325065C0D0061C675 /* Debug */ = {
			isa = XCBuildConfiguration;
			buildSettings = {
				ALWAYS_EMBED_SWIFT_STANDARD_LIBRARIES = YES;
				BUNDLE_LOADER = "$(TEST_HOST)";
				CODE_SIGN_STYLE = Automatic;
				DEVELOPMENT_TEAM = 87ASL7GP9K;
				INFOPLIST_FILE = LocalFileManagerTests/Info.plist;
				IPHONEOS_DEPLOYMENT_TARGET = 13.4;
				LD_RUNPATH_SEARCH_PATHS = (
					"$(inherited)",
					"@executable_path/Frameworks",
					"@loader_path/Frameworks",
				);
				PRODUCT_BUNDLE_IDENTIFIER = com.kyl.LocalFileManagerTests;
				PRODUCT_NAME = "$(TARGET_NAME)";
				SWIFT_VERSION = 5.0;
				TARGETED_DEVICE_FAMILY = "1,2";
				TEST_HOST = "$(BUILT_PRODUCTS_DIR)/LocalFileManager.app/LocalFileManager";
			};
			name = Debug;
		};
		250FC9D425065C0D0061C675 /* Release */ = {
			isa = XCBuildConfiguration;
			buildSettings = {
				ALWAYS_EMBED_SWIFT_STANDARD_LIBRARIES = YES;
				BUNDLE_LOADER = "$(TEST_HOST)";
				CODE_SIGN_STYLE = Automatic;
				DEVELOPMENT_TEAM = 87ASL7GP9K;
				INFOPLIST_FILE = LocalFileManagerTests/Info.plist;
				IPHONEOS_DEPLOYMENT_TARGET = 13.4;
				LD_RUNPATH_SEARCH_PATHS = (
					"$(inherited)",
					"@executable_path/Frameworks",
					"@loader_path/Frameworks",
				);
				PRODUCT_BUNDLE_IDENTIFIER = com.kyl.LocalFileManagerTests;
				PRODUCT_NAME = "$(TARGET_NAME)";
				SWIFT_VERSION = 5.0;
				TARGETED_DEVICE_FAMILY = "1,2";
				TEST_HOST = "$(BUILT_PRODUCTS_DIR)/LocalFileManager.app/LocalFileManager";
			};
			name = Release;
		};
		250FC9D625065C0D0061C675 /* Debug */ = {
			isa = XCBuildConfiguration;
			buildSettings = {
				ALWAYS_EMBED_SWIFT_STANDARD_LIBRARIES = YES;
				CODE_SIGN_STYLE = Automatic;
				DEVELOPMENT_TEAM = 87ASL7GP9K;
				INFOPLIST_FILE = LocalFileManagerUITests/Info.plist;
				LD_RUNPATH_SEARCH_PATHS = (
					"$(inherited)",
					"@executable_path/Frameworks",
					"@loader_path/Frameworks",
				);
				PRODUCT_BUNDLE_IDENTIFIER = com.kyl.LocalFileManagerUITests;
				PRODUCT_NAME = "$(TARGET_NAME)";
				SWIFT_VERSION = 5.0;
				TARGETED_DEVICE_FAMILY = "1,2";
				TEST_TARGET_NAME = LocalFileManager;
			};
			name = Debug;
		};
		250FC9D725065C0D0061C675 /* Release */ = {
			isa = XCBuildConfiguration;
			buildSettings = {
				ALWAYS_EMBED_SWIFT_STANDARD_LIBRARIES = YES;
				CODE_SIGN_STYLE = Automatic;
				DEVELOPMENT_TEAM = 87ASL7GP9K;
				INFOPLIST_FILE = LocalFileManagerUITests/Info.plist;
				LD_RUNPATH_SEARCH_PATHS = (
					"$(inherited)",
					"@executable_path/Frameworks",
					"@loader_path/Frameworks",
				);
				PRODUCT_BUNDLE_IDENTIFIER = com.kyl.LocalFileManagerUITests;
				PRODUCT_NAME = "$(TARGET_NAME)";
				SWIFT_VERSION = 5.0;
				TARGETED_DEVICE_FAMILY = "1,2";
				TEST_TARGET_NAME = LocalFileManager;
			};
			name = Release;
		};
/* End XCBuildConfiguration section */

/* Begin XCConfigurationList section */
		250FC9A025065C080061C675 /* Build configuration list for PBXProject "LocalFileManager" */ = {
			isa = XCConfigurationList;
			buildConfigurations = (
				250FC9CD25065C0D0061C675 /* Debug */,
				250FC9CE25065C0D0061C675 /* Release */,
			);
			defaultConfigurationIsVisible = 0;
			defaultConfigurationName = Release;
		};
		250FC9CF25065C0D0061C675 /* Build configuration list for PBXNativeTarget "LocalFileManager" */ = {
			isa = XCConfigurationList;
			buildConfigurations = (
				250FC9D025065C0D0061C675 /* Debug */,
				250FC9D125065C0D0061C675 /* Release */,
			);
			defaultConfigurationIsVisible = 0;
			defaultConfigurationName = Release;
		};
		250FC9D225065C0D0061C675 /* Build configuration list for PBXNativeTarget "LocalFileManagerTests" */ = {
			isa = XCConfigurationList;
			buildConfigurations = (
				250FC9D325065C0D0061C675 /* Debug */,
				250FC9D425065C0D0061C675 /* Release */,
			);
			defaultConfigurationIsVisible = 0;
			defaultConfigurationName = Release;
		};
		250FC9D525065C0D0061C675 /* Build configuration list for PBXNativeTarget "LocalFileManagerUITests" */ = {
			isa = XCConfigurationList;
			buildConfigurations = (
				250FC9D625065C0D0061C675 /* Debug */,
				250FC9D725065C0D0061C675 /* Release */,
			);
			defaultConfigurationIsVisible = 0;
			defaultConfigurationName = Release;
		};
/* End XCConfigurationList section */
	};
	rootObject = 250FC99D25065C080061C675 /* Project object */;
}
